// !$*UTF8*$!
{
	archiveVersion = 1;
	classes = {
	};
	objectVersion = 51;
	objects = {

/* Begin PBXBuildFile section */
		6511684BAC7892133050704A /* Pods_RestaurantDeliveryApp.framework in Frameworks */ = {isa = PBXBuildFile; fileRef = F8D0B9C464C6B0052FD909DB /* Pods_RestaurantDeliveryApp.framework */; };
		B50153AB23AC16BE00BCDE83 /* RestaurantsForReviewVC.swift in Sources */ = {isa = PBXBuildFile; fileRef = B50153AA23AC16BE00BCDE83 /* RestaurantsForReviewVC.swift */; };
		B50153AD23AC1C7D00BCDE83 /* ReviewsVC.swift in Sources */ = {isa = PBXBuildFile; fileRef = B50153AC23AC1C7D00BCDE83 /* ReviewsVC.swift */; };
		B50153AF23AC1F9900BCDE83 /* ReviewCell.swift in Sources */ = {isa = PBXBuildFile; fileRef = B50153AE23AC1F9900BCDE83 /* ReviewCell.swift */; };
		B50153B123AC206A00BCDE83 /* UserReviewModel.swift in Sources */ = {isa = PBXBuildFile; fileRef = B50153B023AC206A00BCDE83 /* UserReviewModel.swift */; };
		B5311A3F23AD200700C5610F /* MakeReviewVC.swift in Sources */ = {isa = PBXBuildFile; fileRef = B5311A3E23AD200700C5610F /* MakeReviewVC.swift */; };
		B569D58123AE635200987496 /* UserHistoryVC.swift in Sources */ = {isa = PBXBuildFile; fileRef = B569D58023AE635100987496 /* UserHistoryVC.swift */; };
		B57179702397F2D400E1C977 /* CartItemCell.swift in Sources */ = {isa = PBXBuildFile; fileRef = B571796F2397F2D400E1C977 /* CartItemCell.swift */; };
		B57179722397F34C00E1C977 /* CartVC.swift in Sources */ = {isa = PBXBuildFile; fileRef = B57179712397F34C00E1C977 /* CartVC.swift */; };
		B57BCEE5239959980053FDF6 /* CustomTableViewCell.swift in Sources */ = {isa = PBXBuildFile; fileRef = B57BCEE4239959980053FDF6 /* CustomTableViewCell.swift */; };
		B57BCEE823998C490053FDF6 /* ButtonExtension.swift in Sources */ = {isa = PBXBuildFile; fileRef = B57BCEE723998C490053FDF6 /* ButtonExtension.swift */; };
		B59CEFBF23954A0100572908 /* AppDelegate.swift in Sources */ = {isa = PBXBuildFile; fileRef = B59CEFBE23954A0100572908 /* AppDelegate.swift */; };
		B59CEFC123954A0100572908 /* LoginVC.swift in Sources */ = {isa = PBXBuildFile; fileRef = B59CEFC023954A0100572908 /* LoginVC.swift */; };
		B59CEFC423954A0300572908 /* Main.storyboard in Resources */ = {isa = PBXBuildFile; fileRef = B59CEFC223954A0300572908 /* Main.storyboard */; };
		B59CEFC623954A1000572908 /* Assets.xcassets in Resources */ = {isa = PBXBuildFile; fileRef = B59CEFC523954A1000572908 /* Assets.xcassets */; };
		B59CEFC923954A1000572908 /* LaunchScreen.storyboard in Resources */ = {isa = PBXBuildFile; fileRef = B59CEFC723954A1000572908 /* LaunchScreen.storyboard */; };
		B59CEFD12395676000572908 /* GoogleService-Info.plist in Resources */ = {isa = PBXBuildFile; fileRef = B59CEFD02395676000572908 /* GoogleService-Info.plist */; };
		B59CEFD923956EBA00572908 /* UserConfigurations.swift in Sources */ = {isa = PBXBuildFile; fileRef = B59CEFD823956EBA00572908 /* UserConfigurations.swift */; };
		B59CEFDB23956FE300572908 /* AuthService.swift in Sources */ = {isa = PBXBuildFile; fileRef = B59CEFDA23956FE300572908 /* AuthService.swift */; };
		B59CEFDD2395705E00572908 /* UserModel.swift in Sources */ = {isa = PBXBuildFile; fileRef = B59CEFDC2395705E00572908 /* UserModel.swift */; };
		B59CEFDF239571C600572908 /* DataService.swift in Sources */ = {isa = PBXBuildFile; fileRef = B59CEFDE239571C600572908 /* DataService.swift */; };
		B59CEFE12395840B00572908 /* RegisterVC.swift in Sources */ = {isa = PBXBuildFile; fileRef = B59CEFE02395840B00572908 /* RegisterVC.swift */; };
		B59CEFE42396A18800572908 /* RestaurantsVC.swift in Sources */ = {isa = PBXBuildFile; fileRef = B59CEFE32396A18700572908 /* RestaurantsVC.swift */; };
		B59CEFE62396A53500572908 /* RestaurantModel.swift in Sources */ = {isa = PBXBuildFile; fileRef = B59CEFE52396A53500572908 /* RestaurantModel.swift */; };
		B59CEFE82396A67B00572908 /* MenuItemModel.swift in Sources */ = {isa = PBXBuildFile; fileRef = B59CEFE72396A67B00572908 /* MenuItemModel.swift */; };
		B59CEFEA2396A71B00572908 /* CartItemModel.swift in Sources */ = {isa = PBXBuildFile; fileRef = B59CEFE92396A71B00572908 /* CartItemModel.swift */; };
		B59CEFEC2396A7BC00572908 /* UserOrderHistoryModel.swift in Sources */ = {isa = PBXBuildFile; fileRef = B59CEFEB2396A7BC00572908 /* UserOrderHistoryModel.swift */; };
		B59CEFF02396A97400572908 /* RestaurantCell.swift in Sources */ = {isa = PBXBuildFile; fileRef = B59CEFEF2396A97400572908 /* RestaurantCell.swift */; };
		B59CEFF22396BD2B00572908 /* MenuItemVC.swift in Sources */ = {isa = PBXBuildFile; fileRef = B59CEFF12396BD2B00572908 /* MenuItemVC.swift */; };
		B59CEFF42396BD5E00572908 /* OrderVC.swift in Sources */ = {isa = PBXBuildFile; fileRef = B59CEFF32396BD5E00572908 /* OrderVC.swift */; };
		B59CEFF62396BDBF00572908 /* MenuItemCell.swift in Sources */ = {isa = PBXBuildFile; fileRef = B59CEFF52396BDBF00572908 /* MenuItemCell.swift */; };
/* End PBXBuildFile section */

/* Begin PBXFileReference section */
		289DBB2E5290153F9E021F66 /* Pods-RestaurantDeliveryApp.debug.xcconfig */ = {isa = PBXFileReference; includeInIndex = 1; lastKnownFileType = text.xcconfig; name = "Pods-RestaurantDeliveryApp.debug.xcconfig"; path = "Target Support Files/Pods-RestaurantDeliveryApp/Pods-RestaurantDeliveryApp.debug.xcconfig"; sourceTree = "<group>"; };
		77350B63BB98D81404D49AB7 /* Pods-RestaurantDeliveryApp.release.xcconfig */ = {isa = PBXFileReference; includeInIndex = 1; lastKnownFileType = text.xcconfig; name = "Pods-RestaurantDeliveryApp.release.xcconfig"; path = "Target Support Files/Pods-RestaurantDeliveryApp/Pods-RestaurantDeliveryApp.release.xcconfig"; sourceTree = "<group>"; };
		B50153AA23AC16BE00BCDE83 /* RestaurantsForReviewVC.swift */ = {isa = PBXFileReference; lastKnownFileType = sourcecode.swift; path = RestaurantsForReviewVC.swift; sourceTree = "<group>"; };
		B50153AC23AC1C7D00BCDE83 /* ReviewsVC.swift */ = {isa = PBXFileReference; lastKnownFileType = sourcecode.swift; path = ReviewsVC.swift; sourceTree = "<group>"; };
		B50153AE23AC1F9900BCDE83 /* ReviewCell.swift */ = {isa = PBXFileReference; lastKnownFileType = sourcecode.swift; path = ReviewCell.swift; sourceTree = "<group>"; };
		B50153B023AC206A00BCDE83 /* UserReviewModel.swift */ = {isa = PBXFileReference; lastKnownFileType = sourcecode.swift; path = UserReviewModel.swift; sourceTree = "<group>"; };
		B5311A3E23AD200700C5610F /* MakeReviewVC.swift */ = {isa = PBXFileReference; lastKnownFileType = sourcecode.swift; path = MakeReviewVC.swift; sourceTree = "<group>"; };
		B569D58023AE635100987496 /* UserHistoryVC.swift */ = {isa = PBXFileReference; lastKnownFileType = sourcecode.swift; path = UserHistoryVC.swift; sourceTree = "<group>"; };
		B571796F2397F2D400E1C977 /* CartItemCell.swift */ = {isa = PBXFileReference; lastKnownFileType = sourcecode.swift; path = CartItemCell.swift; sourceTree = "<group>"; };
		B57179712397F34C00E1C977 /* CartVC.swift */ = {isa = PBXFileReference; lastKnownFileType = sourcecode.swift; path = CartVC.swift; sourceTree = "<group>"; };
		B57BCEE4239959980053FDF6 /* CustomTableViewCell.swift */ = {isa = PBXFileReference; lastKnownFileType = sourcecode.swift; path = CustomTableViewCell.swift; sourceTree = "<group>"; };
		B57BCEE723998C490053FDF6 /* ButtonExtension.swift */ = {isa = PBXFileReference; lastKnownFileType = sourcecode.swift; path = ButtonExtension.swift; sourceTree = "<group>"; };
		B59CEFBB23954A0000572908 /* RestaurantDeliveryApp.app */ = {isa = PBXFileReference; explicitFileType = wrapper.application; includeInIndex = 0; path = RestaurantDeliveryApp.app; sourceTree = BUILT_PRODUCTS_DIR; };
		B59CEFBE23954A0100572908 /* AppDelegate.swift */ = {isa = PBXFileReference; lastKnownFileType = sourcecode.swift; path = AppDelegate.swift; sourceTree = "<group>"; };
		B59CEFC023954A0100572908 /* LoginVC.swift */ = {isa = PBXFileReference; lastKnownFileType = sourcecode.swift; path = LoginVC.swift; sourceTree = "<group>"; };
		B59CEFC323954A0300572908 /* Base */ = {isa = PBXFileReference; lastKnownFileType = file.storyboard; name = Base; path = Base.lproj/Main.storyboard; sourceTree = "<group>"; };
		B59CEFC523954A1000572908 /* Assets.xcassets */ = {isa = PBXFileReference; lastKnownFileType = folder.assetcatalog; path = Assets.xcassets; sourceTree = "<group>"; };
		B59CEFC823954A1000572908 /* Base */ = {isa = PBXFileReference; lastKnownFileType = file.storyboard; name = Base; path = Base.lproj/LaunchScreen.storyboard; sourceTree = "<group>"; };
		B59CEFCA23954A1000572908 /* Info.plist */ = {isa = PBXFileReference; lastKnownFileType = text.plist.xml; path = Info.plist; sourceTree = "<group>"; };
		B59CEFD02395676000572908 /* GoogleService-Info.plist */ = {isa = PBXFileReference; fileEncoding = 4; lastKnownFileType = text.plist.xml; path = "GoogleService-Info.plist"; sourceTree = "<group>"; };
		B59CEFD823956EBA00572908 /* UserConfigurations.swift */ = {isa = PBXFileReference; lastKnownFileType = sourcecode.swift; path = UserConfigurations.swift; sourceTree = "<group>"; };
		B59CEFDA23956FE300572908 /* AuthService.swift */ = {isa = PBXFileReference; lastKnownFileType = sourcecode.swift; path = AuthService.swift; sourceTree = "<group>"; };
		B59CEFDC2395705E00572908 /* UserModel.swift */ = {isa = PBXFileReference; lastKnownFileType = sourcecode.swift; path = UserModel.swift; sourceTree = "<group>"; };
		B59CEFDE239571C600572908 /* DataService.swift */ = {isa = PBXFileReference; lastKnownFileType = sourcecode.swift; path = DataService.swift; sourceTree = "<group>"; };
		B59CEFE02395840B00572908 /* RegisterVC.swift */ = {isa = PBXFileReference; lastKnownFileType = sourcecode.swift; path = RegisterVC.swift; sourceTree = "<group>"; };
		B59CEFE32396A18700572908 /* RestaurantsVC.swift */ = {isa = PBXFileReference; lastKnownFileType = sourcecode.swift; path = RestaurantsVC.swift; sourceTree = "<group>"; };
		B59CEFE52396A53500572908 /* RestaurantModel.swift */ = {isa = PBXFileReference; lastKnownFileType = sourcecode.swift; path = RestaurantModel.swift; sourceTree = "<group>"; };
		B59CEFE72396A67B00572908 /* MenuItemModel.swift */ = {isa = PBXFileReference; lastKnownFileType = sourcecode.swift; path = MenuItemModel.swift; sourceTree = "<group>"; };
		B59CEFE92396A71B00572908 /* CartItemModel.swift */ = {isa = PBXFileReference; lastKnownFileType = sourcecode.swift; path = CartItemModel.swift; sourceTree = "<group>"; };
		B59CEFEB2396A7BC00572908 /* UserOrderHistoryModel.swift */ = {isa = PBXFileReference; lastKnownFileType = sourcecode.swift; path = UserOrderHistoryModel.swift; sourceTree = "<group>"; };
		B59CEFEF2396A97400572908 /* RestaurantCell.swift */ = {isa = PBXFileReference; lastKnownFileType = sourcecode.swift; path = RestaurantCell.swift; sourceTree = "<group>"; };
		B59CEFF12396BD2B00572908 /* MenuItemVC.swift */ = {isa = PBXFileReference; lastKnownFileType = sourcecode.swift; path = MenuItemVC.swift; sourceTree = "<group>"; };
		B59CEFF32396BD5E00572908 /* OrderVC.swift */ = {isa = PBXFileReference; lastKnownFileType = sourcecode.swift; path = OrderVC.swift; sourceTree = "<group>"; };
		B59CEFF52396BDBF00572908 /* MenuItemCell.swift */ = {isa = PBXFileReference; lastKnownFileType = sourcecode.swift; path = MenuItemCell.swift; sourceTree = "<group>"; };
		F8D0B9C464C6B0052FD909DB /* Pods_RestaurantDeliveryApp.framework */ = {isa = PBXFileReference; explicitFileType = wrapper.framework; includeInIndex = 0; path = Pods_RestaurantDeliveryApp.framework; sourceTree = BUILT_PRODUCTS_DIR; };
/* End PBXFileReference section */

/* Begin PBXFrameworksBuildPhase section */
		B59CEFB823954A0000572908 /* Frameworks */ = {
			isa = PBXFrameworksBuildPhase;
			buildActionMask = 2147483647;
			files = (
				6511684BAC7892133050704A /* Pods_RestaurantDeliveryApp.framework in Frameworks */,
			);
			runOnlyForDeploymentPostprocessing = 0;
		};
/* End PBXFrameworksBuildPhase section */

/* Begin PBXGroup section */
		4F4D4168AC11FC7947270E44 /* Pods */ = {
			isa = PBXGroup;
			children = (
				289DBB2E5290153F9E021F66 /* Pods-RestaurantDeliveryApp.debug.xcconfig */,
				77350B63BB98D81404D49AB7 /* Pods-RestaurantDeliveryApp.release.xcconfig */,
			);
			path = Pods;
			sourceTree = "<group>";
		};
		B57BCEE623998C110053FDF6 /* Classes Extensions */ = {
			isa = PBXGroup;
			children = (
				B57BCEE723998C490053FDF6 /* ButtonExtension.swift */,
			);
			path = "Classes Extensions";
			sourceTree = "<group>";
		};
		B59CEFB2239549FE00572908 = {
			isa = PBXGroup;
			children = (
				B59CEFBD23954A0100572908 /* RestaurantDeliveryApp */,
				B59CEFBC23954A0000572908 /* Products */,
				4F4D4168AC11FC7947270E44 /* Pods */,
				B7B9A23FD31575C2DB87BE7F /* Frameworks */,
			);
			sourceTree = "<group>";
		};
		B59CEFBC23954A0000572908 /* Products */ = {
			isa = PBXGroup;
			children = (
				B59CEFBB23954A0000572908 /* RestaurantDeliveryApp.app */,
			);
			name = Products;
			sourceTree = "<group>";
		};
		B59CEFBD23954A0100572908 /* RestaurantDeliveryApp */ = {
			isa = PBXGroup;
			children = (
				B57BCEE623998C110053FDF6 /* Classes Extensions */,
				B59CEFED2396A83000572908 /* Supporting Files */,
				B59CEFD723956E7B00572908 /* Services */,
				B59CEFD623956E7400572908 /* Helpers */,
				B59CEFD523956E6A00572908 /* Controllers */,
				B59CEFD423956E6500572908 /* Views */,
				B59CEFD323956E5B00572908 /* Models */,
			);
			path = RestaurantDeliveryApp;
			sourceTree = "<group>";
		};
		B59CEFD323956E5B00572908 /* Models */ = {
			isa = PBXGroup;
			children = (
				B59CEFDC2395705E00572908 /* UserModel.swift */,
				B59CEFE52396A53500572908 /* RestaurantModel.swift */,
				B59CEFE72396A67B00572908 /* MenuItemModel.swift */,
				B59CEFE92396A71B00572908 /* CartItemModel.swift */,
				B59CEFEB2396A7BC00572908 /* UserOrderHistoryModel.swift */,
				B50153B023AC206A00BCDE83 /* UserReviewModel.swift */,
			);
			path = Models;
			sourceTree = "<group>";
		};
		B59CEFD423956E6500572908 /* Views */ = {
			isa = PBXGroup;
			children = (
				B59CEFEE2396A8B300572908 /* ViewModel */,
				B59CEFC223954A0300572908 /* Main.storyboard */,
				B59CEFC723954A1000572908 /* LaunchScreen.storyboard */,
			);
			path = Views;
			sourceTree = "<group>";
		};
		B59CEFD523956E6A00572908 /* Controllers */ = {
			isa = PBXGroup;
			children = (
				B59CEFC023954A0100572908 /* LoginVC.swift */,
				B59CEFBE23954A0100572908 /* AppDelegate.swift */,
				B59CEFE02395840B00572908 /* RegisterVC.swift */,
				B59CEFF12396BD2B00572908 /* MenuItemVC.swift */,
				B59CEFF32396BD5E00572908 /* OrderVC.swift */,
				B57179712397F34C00E1C977 /* CartVC.swift */,
				B59CEFE32396A18700572908 /* RestaurantsVC.swift */,
				B50153AA23AC16BE00BCDE83 /* RestaurantsForReviewVC.swift */,
				B50153AC23AC1C7D00BCDE83 /* ReviewsVC.swift */,
				B5311A3E23AD200700C5610F /* MakeReviewVC.swift */,
				B569D58023AE635100987496 /* UserHistoryVC.swift */,
			);
			path = Controllers;
			sourceTree = "<group>";
		};
		B59CEFD623956E7400572908 /* Helpers */ = {
			isa = PBXGroup;
			children = (
				B59CEFD823956EBA00572908 /* UserConfigurations.swift */,
			);
			path = Helpers;
			sourceTree = "<group>";
		};
		B59CEFD723956E7B00572908 /* Services */ = {
			isa = PBXGroup;
			children = (
				B59CEFDA23956FE300572908 /* AuthService.swift */,
				B59CEFDE239571C600572908 /* DataService.swift */,
			);
			path = Services;
			sourceTree = "<group>";
		};
		B59CEFED2396A83000572908 /* Supporting Files */ = {
			isa = PBXGroup;
			children = (
				B59CEFCA23954A1000572908 /* Info.plist */,
				B59CEFC523954A1000572908 /* Assets.xcassets */,
				B59CEFD02395676000572908 /* GoogleService-Info.plist */,
			);
			path = "Supporting Files";
			sourceTree = "<group>";
		};
		B59CEFEE2396A8B300572908 /* ViewModel */ = {
			isa = PBXGroup;
			children = (
				B59CEFEF2396A97400572908 /* RestaurantCell.swift */,
				B59CEFF52396BDBF00572908 /* MenuItemCell.swift */,
				B571796F2397F2D400E1C977 /* CartItemCell.swift */,
				B57BCEE4239959980053FDF6 /* CustomTableViewCell.swift */,
				B50153AE23AC1F9900BCDE83 /* ReviewCell.swift */,
			);
			path = ViewModel;
			sourceTree = "<group>";
		};
		B7B9A23FD31575C2DB87BE7F /* Frameworks */ = {
			isa = PBXGroup;
			children = (
				F8D0B9C464C6B0052FD909DB /* Pods_RestaurantDeliveryApp.framework */,
			);
			name = Frameworks;
			sourceTree = "<group>";
		};
/* End PBXGroup section */

/* Begin PBXNativeTarget section */
		B59CEFBA23954A0000572908 /* RestaurantDeliveryApp */ = {
			isa = PBXNativeTarget;
			buildConfigurationList = B59CEFCD23954A1000572908 /* Build configuration list for PBXNativeTarget "RestaurantDeliveryApp" */;
			buildPhases = (
				17348C1A8936ACE79EC9D2B5 /* [CP] Check Pods Manifest.lock */,
				B59CEFB723954A0000572908 /* Sources */,
				B59CEFB823954A0000572908 /* Frameworks */,
				B59CEFB923954A0000572908 /* Resources */,
				975DC9E0ECB0DE4DF6031F9B /* [CP] Embed Pods Frameworks */,
			);
			buildRules = (
			);
			dependencies = (
			);
			name = RestaurantDeliveryApp;
			productName = RestaurantDeliveryApp;
			productReference = B59CEFBB23954A0000572908 /* RestaurantDeliveryApp.app */;
			productType = "com.apple.product-type.application";
		};
/* End PBXNativeTarget section */

/* Begin PBXProject section */
		B59CEFB323954A0000572908 /* Project object */ = {
			isa = PBXProject;
			attributes = {
				LastSwiftUpdateCheck = 1030;
				LastUpgradeCheck = 1030;
				ORGANIZATIONNAME = tarek;
				TargetAttributes = {
					B59CEFBA23954A0000572908 = {
						CreatedOnToolsVersion = 10.3;
					};
				};
			};
			buildConfigurationList = B59CEFB623954A0000572908 /* Build configuration list for PBXProject "RestaurantDeliveryApp" */;
			compatibilityVersion = "Xcode 9.3";
			developmentRegion = en;
			hasScannedForEncodings = 0;
			knownRegions = (
				en,
				Base,
			);
			mainGroup = B59CEFB2239549FE00572908;
			productRefGroup = B59CEFBC23954A0000572908 /* Products */;
			projectDirPath = "";
			projectRoot = "";
			targets = (
				B59CEFBA23954A0000572908 /* RestaurantDeliveryApp */,
			);
		};
/* End PBXProject section */

/* Begin PBXResourcesBuildPhase section */
		B59CEFB923954A0000572908 /* Resources */ = {
			isa = PBXResourcesBuildPhase;
			buildActionMask = 2147483647;
			files = (
				B59CEFC923954A1000572908 /* LaunchScreen.storyboard in Resources */,
				B59CEFD12395676000572908 /* GoogleService-Info.plist in Resources */,
				B59CEFC623954A1000572908 /* Assets.xcassets in Resources */,
				B59CEFC423954A0300572908 /* Main.storyboard in Resources */,
			);
			runOnlyForDeploymentPostprocessing = 0;
		};
/* End PBXResourcesBuildPhase section */

/* Begin PBXShellScriptBuildPhase section */
		17348C1A8936ACE79EC9D2B5 /* [CP] Check Pods Manifest.lock */ = {
			isa = PBXShellScriptBuildPhase;
			buildActionMask = 2147483647;
			files = (
			);
			inputFileListPaths = (
			);
			inputPaths = (
				"${PODS_PODFILE_DIR_PATH}/Podfile.lock",
				"${PODS_ROOT}/Manifest.lock",
			);
			name = "[CP] Check Pods Manifest.lock";
			outputFileListPaths = (
			);
			outputPaths = (
				"$(DERIVED_FILE_DIR)/Pods-RestaurantDeliveryApp-checkManifestLockResult.txt",
			);
			runOnlyForDeploymentPostprocessing = 0;
			shellPath = /bin/sh;
			shellScript = "diff \"${PODS_PODFILE_DIR_PATH}/Podfile.lock\" \"${PODS_ROOT}/Manifest.lock\" > /dev/null\nif [ $? != 0 ] ; then\n    # print error to STDERR\n    echo \"error: The sandbox is not in sync with the Podfile.lock. Run 'pod install' or update your CocoaPods installation.\" >&2\n    exit 1\nfi\n# This output is used by Xcode 'outputs' to avoid re-running this script phase.\necho \"SUCCESS\" > \"${SCRIPT_OUTPUT_FILE_0}\"\n";
			showEnvVarsInLog = 0;
		};
		975DC9E0ECB0DE4DF6031F9B /* [CP] Embed Pods Frameworks */ = {
			isa = PBXShellScriptBuildPhase;
			buildActionMask = 2147483647;
			files = (
			);
			inputFileListPaths = (
				"${PODS_ROOT}/Target Support Files/Pods-RestaurantDeliveryApp/Pods-RestaurantDeliveryApp-frameworks-${CONFIGURATION}-input-files.xcfilelist",
			);
			name = "[CP] Embed Pods Frameworks";
			outputFileListPaths = (
				"${PODS_ROOT}/Target Support Files/Pods-RestaurantDeliveryApp/Pods-RestaurantDeliveryApp-frameworks-${CONFIGURATION}-output-files.xcfilelist",
			);
			runOnlyForDeploymentPostprocessing = 0;
			shellPath = /bin/sh;
			shellScript = "\"${PODS_ROOT}/Target Support Files/Pods-RestaurantDeliveryApp/Pods-RestaurantDeliveryApp-frameworks.sh\"\n";
			showEnvVarsInLog = 0;
		};
/* End PBXShellScriptBuildPhase section */

/* Begin PBXSourcesBuildPhase section */
		B59CEFB723954A0000572908 /* Sources */ = {
			isa = PBXSourcesBuildPhase;
			buildActionMask = 2147483647;
			files = (
				B59CEFEC2396A7BC00572908 /* UserOrderHistoryModel.swift in Sources */,
				B57BCEE823998C490053FDF6 /* ButtonExtension.swift in Sources */,
				B59CEFF62396BDBF00572908 /* MenuItemCell.swift in Sources */,
				B59CEFC123954A0100572908 /* LoginVC.swift in Sources */,
				B59CEFE62396A53500572908 /* RestaurantModel.swift in Sources */,
				B59CEFD923956EBA00572908 /* UserConfigurations.swift in Sources */,
				B50153AD23AC1C7D00BCDE83 /* ReviewsVC.swift in Sources */,
				B50153AB23AC16BE00BCDE83 /* RestaurantsForReviewVC.swift in Sources */,
				B57BCEE5239959980053FDF6 /* CustomTableViewCell.swift in Sources */,
				B59CEFF42396BD5E00572908 /* OrderVC.swift in Sources */,
				B50153B123AC206A00BCDE83 /* UserReviewModel.swift in Sources */,
				B5311A3F23AD200700C5610F /* MakeReviewVC.swift in Sources */,
				B59CEFF22396BD2B00572908 /* MenuItemVC.swift in Sources */,
				B59CEFBF23954A0100572908 /* AppDelegate.swift in Sources */,
				B59CEFE42396A18800572908 /* RestaurantsVC.swift in Sources */,
				B59CEFDF239571C600572908 /* DataService.swift in Sources */,
				B569D58123AE635200987496 /* UserHistoryVC.swift in Sources */,
				B59CEFE12395840B00572908 /* RegisterVC.swift in Sources */,
				B59CEFDD2395705E00572908 /* UserModel.swift in Sources */,
				B59CEFDB23956FE300572908 /* AuthService.swift in Sources */,
				B59CEFF02396A97400572908 /* RestaurantCell.swift in Sources */,
				B57179722397F34C00E1C977 /* CartVC.swift in Sources */,
				B57179702397F2D400E1C977 /* CartItemCell.swift in Sources */,
				B50153AF23AC1F9900BCDE83 /* ReviewCell.swift in Sources */,
				B59CEFEA2396A71B00572908 /* CartItemModel.swift in Sources */,
				B59CEFE82396A67B00572908 /* MenuItemModel.swift in Sources */,
			);
			runOnlyForDeploymentPostprocessing = 0;
		};
/* End PBXSourcesBuildPhase section */

/* Begin PBXVariantGroup section */
		B59CEFC223954A0300572908 /* Main.storyboard */ = {
			isa = PBXVariantGroup;
			children = (
				B59CEFC323954A0300572908 /* Base */,
			);
			name = Main.storyboard;
			sourceTree = "<group>";
		};
		B59CEFC723954A1000572908 /* LaunchScreen.storyboard */ = {
			isa = PBXVariantGroup;
			children = (
				B59CEFC823954A1000572908 /* Base */,
			);
			name = LaunchScreen.storyboard;
			sourceTree = "<group>";
		};
/* End PBXVariantGroup section */

/* Begin XCBuildConfiguration section */
		B59CEFCB23954A1000572908 /* Debug */ = {
			isa = XCBuildConfiguration;
			buildSettings = {
				ALWAYS_SEARCH_USER_PATHS = NO;
				CLANG_ANALYZER_NONNULL = YES;
				CLANG_ANALYZER_NUMBER_OBJECT_CONVERSION = YES_AGGRESSIVE;
				CLANG_CXX_LANGUAGE_STANDARD = "gnu++14";
				CLANG_CXX_LIBRARY = "libc++";
				CLANG_ENABLE_MODULES = YES;
				CLANG_ENABLE_OBJC_ARC = YES;
				CLANG_ENABLE_OBJC_WEAK = YES;
				CLANG_WARN_BLOCK_CAPTURE_AUTORELEASING = YES;
				CLANG_WARN_BOOL_CONVERSION = YES;
				CLANG_WARN_COMMA = YES;
				CLANG_WARN_CONSTANT_CONVERSION = YES;
				CLANG_WARN_DEPRECATED_OBJC_IMPLEMENTATIONS = YES;
				CLANG_WARN_DIRECT_OBJC_ISA_USAGE = YES_ERROR;
				CLANG_WARN_DOCUMENTATION_COMMENTS = YES;
				CLANG_WARN_EMPTY_BODY = YES;
				CLANG_WARN_ENUM_CONVERSION = YES;
				CLANG_WARN_INFINITE_RECURSION = YES;
				CLANG_WARN_INT_CONVERSION = YES;
				CLANG_WARN_NON_LITERAL_NULL_CONVERSION = YES;
				CLANG_WARN_OBJC_IMPLICIT_RETAIN_SELF = YES;
				CLANG_WARN_OBJC_LITERAL_CONVERSION = YES;
				CLANG_WARN_OBJC_ROOT_CLASS = YES_ERROR;
				CLANG_WARN_RANGE_LOOP_ANALYSIS = YES;
				CLANG_WARN_STRICT_PROTOTYPES = YES;
				CLANG_WARN_SUSPICIOUS_MOVE = YES;
				CLANG_WARN_UNGUARDED_AVAILABILITY = YES_AGGRESSIVE;
				CLANG_WARN_UNREACHABLE_CODE = YES;
				CLANG_WARN__DUPLICATE_METHOD_MATCH = YES;
				CODE_SIGN_IDENTITY = "iPhone Developer";
				COPY_PHASE_STRIP = NO;
				DEBUG_INFORMATION_FORMAT = dwarf;
				ENABLE_STRICT_OBJC_MSGSEND = YES;
				ENABLE_TESTABILITY = YES;
				GCC_C_LANGUAGE_STANDARD = gnu11;
				GCC_DYNAMIC_NO_PIC = NO;
				GCC_NO_COMMON_BLOCKS = YES;
				GCC_OPTIMIZATION_LEVEL = 0;
				GCC_PREPROCESSOR_DEFINITIONS = (
					"DEBUG=1",
					"$(inherited)",
				);
				GCC_WARN_64_TO_32_BIT_CONVERSION = YES;
				GCC_WARN_ABOUT_RETURN_TYPE = YES_ERROR;
				GCC_WARN_UNDECLARED_SELECTOR = YES;
				GCC_WARN_UNINITIALIZED_AUTOS = YES_AGGRESSIVE;
				GCC_WARN_UNUSED_FUNCTION = YES;
				GCC_WARN_UNUSED_VARIABLE = YES;
				IPHONEOS_DEPLOYMENT_TARGET = 12.4;
				MTL_ENABLE_DEBUG_INFO = INCLUDE_SOURCE;
				MTL_FAST_MATH = YES;
				ONLY_ACTIVE_ARCH = YES;
				SDKROOT = iphoneos;
				SWIFT_ACTIVE_COMPILATION_CONDITIONS = DEBUG;
				SWIFT_OPTIMIZATION_LEVEL = "-Onone";
			};
			name = Debug;
		};
		B59CEFCC23954A1000572908 /* Release */ = {
			isa = XCBuildConfiguration;
			buildSettings = {
				ALWAYS_SEARCH_USER_PATHS = NO;
				CLANG_ANALYZER_NONNULL = YES;
				CLANG_ANALYZER_NUMBER_OBJECT_CONVERSION = YES_AGGRESSIVE;
				CLANG_CXX_LANGUAGE_STANDARD = "gnu++14";
				CLANG_CXX_LIBRARY = "libc++";
				CLANG_ENABLE_MODULES = YES;
				CLANG_ENABLE_OBJC_ARC = YES;
				CLANG_ENABLE_OBJC_WEAK = YES;
				CLANG_WARN_BLOCK_CAPTURE_AUTORELEASING = YES;
				CLANG_WARN_BOOL_CONVERSION = YES;
				CLANG_WARN_COMMA = YES;
				CLANG_WARN_CONSTANT_CONVERSION = YES;
				CLANG_WARN_DEPRECATED_OBJC_IMPLEMENTATIONS = YES;
				CLANG_WARN_DIRECT_OBJC_ISA_USAGE = YES_ERROR;
				CLANG_WARN_DOCUMENTATION_COMMENTS = YES;
				CLANG_WARN_EMPTY_BODY = YES;
				CLANG_WARN_ENUM_CONVERSION = YES;
				CLANG_WARN_INFINITE_RECURSION = YES;
				CLANG_WARN_INT_CONVERSION = YES;
				CLANG_WARN_NON_LITERAL_NULL_CONVERSION = YES;
				CLANG_WARN_OBJC_IMPLICIT_RETAIN_SELF = YES;
				CLANG_WARN_OBJC_LITERAL_CONVERSION = YES;
				CLANG_WARN_OBJC_ROOT_CLASS = YES_ERROR;
				CLANG_WARN_RANGE_LOOP_ANALYSIS = YES;
				CLANG_WARN_STRICT_PROTOTYPES = YES;
				CLANG_WARN_SUSPICIOUS_MOVE = YES;
				CLANG_WARN_UNGUARDED_AVAILABILITY = YES_AGGRESSIVE;
				CLANG_WARN_UNREACHABLE_CODE = YES;
				CLANG_WARN__DUPLICATE_METHOD_MATCH = YES;
				CODE_SIGN_IDENTITY = "iPhone Developer";
				COPY_PHASE_STRIP = NO;
				DEBUG_INFORMATION_FORMAT = "dwarf-with-dsym";
				ENABLE_NS_ASSERTIONS = NO;
				ENABLE_STRICT_OBJC_MSGSEND = YES;
				GCC_C_LANGUAGE_STANDARD = gnu11;
				GCC_NO_COMMON_BLOCKS = YES;
				GCC_WARN_64_TO_32_BIT_CONVERSION = YES;
				GCC_WARN_ABOUT_RETURN_TYPE = YES_ERROR;
				GCC_WARN_UNDECLARED_SELECTOR = YES;
				GCC_WARN_UNINITIALIZED_AUTOS = YES_AGGRESSIVE;
				GCC_WARN_UNUSED_FUNCTION = YES;
				GCC_WARN_UNUSED_VARIABLE = YES;
				IPHONEOS_DEPLOYMENT_TARGET = 12.4;
				MTL_ENABLE_DEBUG_INFO = NO;
				MTL_FAST_MATH = YES;
				SDKROOT = iphoneos;
				SWIFT_COMPILATION_MODE = wholemodule;
				SWIFT_OPTIMIZATION_LEVEL = "-O";
				VALIDATE_PRODUCT = YES;
			};
			name = Release;
		};
		B59CEFCE23954A1000572908 /* Debug */ = {
			isa = XCBuildConfiguration;
			baseConfigurationReference = 289DBB2E5290153F9E021F66 /* Pods-RestaurantDeliveryApp.debug.xcconfig */;
			buildSettings = {
				ASSETCATALOG_COMPILER_APPICON_NAME = AppIcon;
				CODE_SIGN_STYLE = Automatic;
				INFOPLIST_FILE = "$(SRCROOT)/RestaurantDeliveryApp/Supporting Files/Info.plist";
				LD_RUNPATH_SEARCH_PATHS = (
					"$(inherited)",
					"@executable_path/Frameworks",
				);
				PRODUCT_BUNDLE_IDENTIFIER = com.tarek.gh.RestaurantDeliveryApp.RestaurantDeliveryApp;
				PRODUCT_NAME = "$(TARGET_NAME)";
				SWIFT_VERSION = 5.0;
				TARGETED_DEVICE_FAMILY = "1,2";
			};
			name = Debug;
		};
		B59CEFCF23954A1000572908 /* Release */ = {
			isa = XCBuildConfiguration;
			baseConfigurationReference = 77350B63BB98D81404D49AB7 /* Pods-RestaurantDeliveryApp.release.xcconfig */;
			buildSettings = {
				ASSETCATALOG_COMPILER_APPICON_NAME = AppIcon;
				CODE_SIGN_STYLE = Automatic;
				INFOPLIST_FILE = "$(SRCROOT)/RestaurantDeliveryApp/Supporting Files/Info.plist";
				LD_RUNPATH_SEARCH_PATHS = (
					"$(inherited)",
					"@executable_path/Frameworks",
				);
				PRODUCT_BUNDLE_IDENTIFIER = com.tarek.gh.RestaurantDeliveryApp.RestaurantDeliveryApp;
				PRODUCT_NAME = "$(TARGET_NAME)";
				SWIFT_VERSION = 5.0;
				TARGETED_DEVICE_FAMILY = "1,2";
			};
			name = Release;
		};
/* End XCBuildConfiguration section */

/* Begin XCConfigurationList section */
		B59CEFB623954A0000572908 /* Build configuration list for PBXProject "RestaurantDeliveryApp" */ = {
			isa = XCConfigurationList;
			buildConfigurations = (
				B59CEFCB23954A1000572908 /* Debug */,
				B59CEFCC23954A1000572908 /* Release */,
			);
			defaultConfigurationIsVisible = 0;
			defaultConfigurationName = Release;
		};
		B59CEFCD23954A1000572908 /* Build configuration list for PBXNativeTarget "RestaurantDeliveryApp" */ = {
			isa = XCConfigurationList;
			buildConfigurations = (
				B59CEFCE23954A1000572908 /* Debug */,
				B59CEFCF23954A1000572908 /* Release */,
			);
			defaultConfigurationIsVisible = 0;
			defaultConfigurationName = Release;
		};
/* End XCConfigurationList section */
	};
	rootObject = B59CEFB323954A0000572908 /* Project object */;
}
